bou.ke/monkey v1.0.1/go.mod h1:FgHuK96Rv2Nlf+0u1OOVDpCMdsWyOFmeeketDHE7LIg=
github.com/hugocarreira/go-decent-copy v0.0.0-20181018112419-9f482c9a2943 h1:uuMUrGtG7EelzCDzq7VNfexyMnbWJzHK+lA2yEHfTk8=
github.com/hugocarreira/go-decent-copy v0.0.0-20181018112419-9f482c9a2943/go.mod h1:LGbo2Li3Ub3ZNYZHIUFZ4qfwsFNvOI+If5lpEQNYJIU=
github.com/otiai10/copy v1.0.1 h1:gtBjD8aq4nychvRZ2CyJvFWAw0aja+VHazDdruZKGZA=
github.com/otiai10/copy v1.0.1/go.mod h1:8bMCJrAqOtN/d9oyh5HR7HhLQMvcGMpGdwRDYsfOCHc=
github.com/otiai10/mint v1.2.3/go.mod h1:YnfyPNhBvnY8bW4SGQHCs/aAFhkgySlMZbrF5U0bOVw=
github.com/thommil/tge v0.0.0-20190303110109-969de669193f/go.mod h1:b4aVfYUJFZ+S0y7ucXf3mNGAZgjr+XWC48hUP+g9He4=
github.com/thommil/tge v0.0.0-20190303155054-a75ac9aeb48f/go.mod h1:+lejuoFUXzOt7HoHeqE/60dT7ojlOafjRJNV6d9SVyo=
github.com/thommil/tge-mobile v0.0.0-20190301151748-91d5e211d0c8/go.mod h1:esUenx0eq059yhIVOB9vadnWk0+vDzKSIqrDR9o/T58=
github.com/thommil/tge-mobile v0.0.0-20190303154902-d08630cc2c91/go.mod h1:J7jrg6A0+2eUmgJpiKWBEJKxCdjjTD1+GYzyTu8vE2c=
github.com/veandco/go-sdl2 v0.3.0/go.mod h1:FB+kTpX9YTE+urhYiClnRzpOXbiWgaU3+5F2AB78DPg=
